
Microsoft Visual Studio Solution File, Format Version 12.00
# Visual Studio 15
VisualStudioVersion = 15.0.28010.2019
MinimumVisualStudioVersion = 10.0.40219.1
Project("{FAE04EC0-301F-11D3-BF4B-00C04F79EFBC}") = "PermotionEngineProject", "PermotionEngineProject\PermotionEngineProject.csproj", "{24D74F4D-AA5D-4D9B-BD05-96C56DCC1727}"
EndProject
Project("{FAE04EC0-301F-11D3-BF4B-00C04F79EFBC}") = "PermotionUnitTest", "PermotionUnitTest\PermotionUnitTest.csproj", "{67AD120B-7811-4426-BF0D-7E3D67BEDA6E}"
EndProject
Global
	GlobalSection(SolutionConfigurationPlatforms) = preSolution
		Debug|Any CPU = Debug|Any CPU
		Release|Any CPU = Release|Any CPU
	EndGlobalSection
	GlobalSection(ProjectConfigurationPlatforms) = postSolution
		{24D74F4D-AA5D-4D9B-BD05-96C56DCC1727}.Debug|Any CPU.ActiveCfg = Debug|Any CPU
		{24D74F4D-AA5D-4D9B-BD05-96C56DCC1727}.Debug|Any CPU.Build.0 = Debug|Any CPU
		{24D74F4D-AA5D-4D9B-BD05-96C56DCC1727}.Release|Any CPU.ActiveCfg = Release|Any CPU
		{24D74F4D-AA5D-4D9B-BD05-96C56DCC1727}.Release|Any CPU.Build.0 = Release|Any CPU
		{67AD120B-7811-4426-BF0D-7E3D67BEDA6E}.Debug|Any CPU.ActiveCfg = Debug|Any CPU
		{67AD120B-7811-4426-BF0D-7E3D67BEDA6E}.Debug|Any CPU.Build.0 = Debug|Any CPU
		{67AD120B-7811-4426-BF0D-7E3D67BEDA6E}.Release|Any CPU.ActiveCfg = Release|Any CPU
		{67AD120B-7811-4426-BF0D-7E3D67BEDA6E}.Release|Any CPU.Build.0 = Release|Any CPU
	EndGlobalSection
	GlobalSection(SolutionProperties) = preSolution
		HideSolutionNode = FALSE
	EndGlobalSection
	GlobalSection(ExtensibilityGlobals) = postSolution
		SolutionGuid = {CE5810C8-A13E-4BD0-A21E-3BF8CA1C7C82}
	EndGlobalSection
EndGlobal
